
Microsoft Visual Studio Solution File, Format Version 12.00
# Visual Studio Version 17
VisualStudioVersion = 17.12.35527.113 d17.12
MinimumVisualStudioVersion = 10.0.40219.1
Project("{FAE04EC0-301F-11D3-BF4B-00C04F79EFBC}") = "compress", "FileCompression\compress.csproj", "{EAD587AE-E370-4A13-9CE1-CEFA3C8F29AF}"
EndProject
Project("{FAE04EC0-301F-11D3-BF4B-00C04F79EFBC}") = "compress.zip", "compress.zip\compress.zip.csproj", "{BC8083E8-F802-49A7-816C-6D5D7B7A445F}"
EndProject
Project("{FAE04EC0-301F-11D3-BF4B-00C04F79EFBC}") = "compress.sevenzip", "compress.sevenzip\compress.sevenzip.csproj", "{3D1E798A-1F68-47D1-8C99-43DA31F35308}"
EndProject
Project("{FAE04EC0-301F-11D3-BF4B-00C04F79EFBC}") = "compress.model", "compress.model\compress.model.csproj", "{2A9107E0-0CCF-42DF-814F-7B3C66F0262E}"
EndProject
Global
	GlobalSection(SolutionConfigurationPlatforms) = preSolution
		Debug|Any CPU = Debug|Any CPU
		Release|Any CPU = Release|Any CPU
	EndGlobalSection
	GlobalSection(ProjectConfigurationPlatforms) = postSolution
		{EAD587AE-E370-4A13-9CE1-CEFA3C8F29AF}.Debug|Any CPU.ActiveCfg = Debug|Any CPU
		{EAD587AE-E370-4A13-9CE1-CEFA3C8F29AF}.Debug|Any CPU.Build.0 = Debug|Any CPU
		{EAD587AE-E370-4A13-9CE1-CEFA3C8F29AF}.Release|Any CPU.ActiveCfg = Release|Any CPU
		{EAD587AE-E370-4A13-9CE1-CEFA3C8F29AF}.Release|Any CPU.Build.0 = Release|Any CPU
		{BC8083E8-F802-49A7-816C-6D5D7B7A445F}.Debug|Any CPU.ActiveCfg = Debug|Any CPU
		{BC8083E8-F802-49A7-816C-6D5D7B7A445F}.Debug|Any CPU.Build.0 = Debug|Any CPU
		{BC8083E8-F802-49A7-816C-6D5D7B7A445F}.Release|Any CPU.ActiveCfg = Release|Any CPU
		{BC8083E8-F802-49A7-816C-6D5D7B7A445F}.Release|Any CPU.Build.0 = Release|Any CPU
		{3D1E798A-1F68-47D1-8C99-43DA31F35308}.Debug|Any CPU.ActiveCfg = Debug|Any CPU
		{3D1E798A-1F68-47D1-8C99-43DA31F35308}.Debug|Any CPU.Build.0 = Debug|Any CPU
		{3D1E798A-1F68-47D1-8C99-43DA31F35308}.Release|Any CPU.ActiveCfg = Release|Any CPU
		{3D1E798A-1F68-47D1-8C99-43DA31F35308}.Release|Any CPU.Build.0 = Release|Any CPU
		{2A9107E0-0CCF-42DF-814F-7B3C66F0262E}.Debug|Any CPU.ActiveCfg = Debug|Any CPU
		{2A9107E0-0CCF-42DF-814F-7B3C66F0262E}.Debug|Any CPU.Build.0 = Debug|Any CPU
		{2A9107E0-0CCF-42DF-814F-7B3C66F0262E}.Release|Any CPU.ActiveCfg = Release|Any CPU
		{2A9107E0-0CCF-42DF-814F-7B3C66F0262E}.Release|Any CPU.Build.0 = Release|Any CPU
	EndGlobalSection
	GlobalSection(SolutionProperties) = preSolution
		HideSolutionNode = FALSE
	EndGlobalSection
EndGlobal
